# This file is automatically @generated by Poetry and should not be changed by hand.

[[package]]
name = "pyglet"
version = "2.0.4"
description = "Cross-platform windowing and multimedia library"
category = "main"
optional = false
python-versions = "*"
files = [
    {file = "pyglet-2.0.4-py3-none-any.whl", hash = "sha256:74a82ee184a673ef019200a5b7a528e95ea41ac32f6c227d2a333ab9ea0ff56d"},
    {file = "pyglet-2.0.4.zip", hash = "sha256:f891808c1bf65c7cc5131b0b26b047eae5cf37c7e253270964ac4b2f014774f2"},
]

[metadata]
lock-version = "2.0"
python-versions = "^3.11"
content-hash = "26506f3bbe189f66920176b3871ee40485b47d7a16b4141f85b25c2d46e5435b"
